<?xml version="1.0" encoding="utf-8"?>
<Project ToolsVersion="4.0" xmlns="http://schemas.microsoft.com/developer/msbuild/2003">
  <ItemGroup>
    <Filter Include="Source Files">
      <UniqueIdentifier>{4FC737F1-C7A5-4376-A066-2A32D752A2FF}</UniqueIdentifier>
      <Extensions>cpp;c;cc;cxx;def;odl;idl;hpj;bat;asm;asmx</Extensions>
    </Filter>
    <Filter Include="Header Files">
      <UniqueIdentifier>{93995380-89BD-4b04-88EB-625FBE52EBFB}</UniqueIdentifier>
      <Extensions>h;hh;hpp;hxx;hm;inl;inc;xsd</Extensions>
    </Filter>
    <Filter Include="Resource Files">
      <UniqueIdentifier>{67DA6AB6-F800-4c08-8B7A-83BB121AAD01}</UniqueIdentifier>
      <Extensions>rc;ico;cur;bmp;dlg;rc2;rct;bin;rgs;gif;jpg;jpeg;jpe;resx;tiff;tif;png;wav;mfcribbon-ms</Extensions>
    </Filter>
    <Filter Include="Resource Files\Levels">
      <UniqueIdentifier>{0619c31b-5865-4ebb-b04f-f6b39bd5d529}</UniqueIdentifier>
    </Filter>
    <Filter Include="Resource Files\Textures">
      <UniqueIdentifier>{ebf19398-8890-4030-8c95-9ffdf3883285}</UniqueIdentifier>
    </Filter>
  </ItemGroup>
  <ItemGroup>
    <ClCompile Include="..\Source\AnimateElement.cpp">
      <Filter>Source Files</Filter>
    </ClCompile>
    <ClCompile Include="..\Source\Bullet.cpp">
      <Filter>Source Files</Filter>
    </ClCompile>
    <ClCompile Include="..\Source\Construction.cpp">
      <Filter>Source Files</Filter>
    </ClCompile>
    <ClCompile Include="..\Source\DataBase.cpp">
      <Filter>Source Files</Filter>
    </ClCompile>
    <ClCompile Include="..\Source\Enemy.cpp">
      <Filter>Source Files</Filter>
    </ClCompile>
    <ClCompile Include="..\Source\FSM.cpp">
      <Filter>Source Files</Filter>
    </ClCompile>
    <ClCompile Include="..\Source\Game.cpp">
      <Filter>Source Files</Filter>
    </ClCompile>
    <ClCompile Include="..\Source\GUI.cpp">
      <Filter>Source Files</Filter>
    </ClCompile>
    <ClCompile Include="..\Source\Level.cpp">
      <Filter>Source Files</Filter>
    </ClCompile>
    <ClCompile Include="..\Source\MapElement.cpp">
      <Filter>Source Files</Filter>
    </ClCompile>
    <ClCompile Include="..\Source\Menu.cpp">
      <Filter>Source Files</Filter>
    </ClCompile>
    <ClCompile Include="..\Source\MyThread.cpp">
      <Filter>Source Files</Filter>
    </ClCompile>
    <ClCompile Include="..\Source\MyWindow.cpp">
      <Filter>Source Files</Filter>
    </ClCompile>
    <ClCompile Include="..\Source\Node.cpp">
      <Filter>Source Files</Filter>
    </ClCompile>
    <ClCompile Include="..\Source\Player.cpp">
      <Filter>Source Files</Filter>
    </ClCompile>
    <ClCompile Include="..\Source\PowerUp.cpp">
      <Filter>Source Files</Filter>
    </ClCompile>
    <ClCompile Include="..\Source\RenderElement.cpp">
      <Filter>Source Files</Filter>
    </ClCompile>
    <ClCompile Include="..\Source\Source.cpp">
      <Filter>Source Files</Filter>
    </ClCompile>
    <ClCompile Include="..\Source\State.cpp">
      <Filter>Source Files</Filter>
    </ClCompile>
    <ClCompile Include="..\Source\Tank.cpp">
      <Filter>Source Files</Filter>
    </ClCompile>
    <ClCompile Include="..\Source\Task.cpp">
      <Filter>Source Files</Filter>
    </ClCompile>
    <ClCompile Include="..\Source\ThreadManager.cpp">
      <Filter>Source Files</Filter>
    </ClCompile>
  </ItemGroup>
  <ItemGroup>
    <ClInclude Include="..\Source\AnimateElement.h">
      <Filter>Header Files</Filter>
    </ClInclude>
    <ClInclude Include="..\Source\arus.h">
      <Filter>Header Files</Filter>
    </ClInclude>
    <ClInclude Include="..\Source\Bullet.h">
      <Filter>Header Files</Filter>
    </ClInclude>
    <ClInclude Include="..\Source\Construction.h">
      <Filter>Header Files</Filter>
    </ClInclude>
    <ClInclude Include="..\Source\DataBase.h">
      <Filter>Header Files</Filter>
    </ClInclude>
    <ClInclude Include="..\Source\Enemy.h">
      <Filter>Header Files</Filter>
    </ClInclude>
    <ClInclude Include="..\Source\FSM.h">
      <Filter>Header Files</Filter>
    </ClInclude>
    <ClInclude Include="..\Source\Game.h">
      <Filter>Header Files</Filter>
    </ClInclude>
    <ClInclude Include="..\Source\GUI.h">
      <Filter>Header Files</Filter>
    </ClInclude>
    <ClInclude Include="..\Source\Level.h">
      <Filter>Header Files</Filter>
    </ClInclude>
    <ClInclude Include="..\Source\MapElement.h">
      <Filter>Header Files</Filter>
    </ClInclude>
    <ClInclude Include="..\Source\Menu.h">
      <Filter>Header Files</Filter>
    </ClInclude>
    <ClInclude Include="..\Source\MyThread.h">
      <Filter>Header Files</Filter>
    </ClInclude>
    <ClInclude Include="..\Source\MyWindow.h">
      <Filter>Header Files</Filter>
    </ClInclude>
    <ClInclude Include="..\Source\Node.h">
      <Filter>Header Files</Filter>
    </ClInclude>
    <ClInclude Include="..\Source\Player.h">
      <Filter>Header Files</Filter>
    </ClInclude>
    <ClInclude Include="..\Source\PowerUp.h">
      <Filter>Header Files</Filter>
    </ClInclude>
    <ClInclude Include="..\Source\RenderElement.h">
      <Filter>Header Files</Filter>
    </ClInclude>
    <ClInclude Include="..\Source\ResourceHolder.h">
      <Filter>Header Files</Filter>
    </ClInclude>
    <ClInclude Include="..\Source\State.h">
      <Filter>Header Files</Filter>
    </ClInclude>
    <ClInclude Include="..\Source\Tank.h">
      <Filter>Header Files</Filter>
    </ClInclude>
    <ClInclude Include="..\Source\Task.h">
      <Filter>Header Files</Filter>
    </ClInclude>
    <ClInclude Include="..\Source\ThreadManager.h">
      <Filter>Header Files</Filter>
    </ClInclude>
  </ItemGroup>
  <ItemGroup>
    <Text Include="..\Assets\Levels\0.txt">
      <Filter>Resource Files\Levels</Filter>
    </Text>
    <Text Include="..\Assets\Levels\1.txt">
      <Filter>Resource Files\Levels</Filter>
    </Text>
    <Text Include="..\Assets\Levels\2.txt">
      <Filter>Resource Files\Levels</Filter>
    </Text>
    <Text Include="..\Assets\Levels\3.txt">
      <Filter>Resource Files\Levels</Filter>
    </Text>
    <Text Include="..\Assets\Levels\4.txt">
      <Filter>Resource Files\Levels</Filter>
    </Text>
    <Text Include="..\Assets\Levels\5.txt">
      <Filter>Resource Files\Levels</Filter>
    </Text>
    <Text Include="..\Assets\Levels\6.txt">
      <Filter>Resource Files\Levels</Filter>
    </Text>
    <Text Include="..\Assets\Levels\7.txt">
      <Filter>Resource Files\Levels</Filter>
    </Text>
    <Text Include="..\Assets\Levels\8.txt">
      <Filter>Resource Files\Levels</Filter>
    </Text>
    <Text Include="..\Assets\Levels\9.txt">
      <Filter>Resource Files\Levels</Filter>
    </Text>
    <Text Include="..\Assets\Levels\10.txt">
      <Filter>Resource Files\Levels</Filter>
    </Text>
  </ItemGroup>
  <ItemGroup>
    <Image Include="..\Assets\Textures\additionalShield.png">
      <Filter>Resource Files\Textures</Filter>
    </Image>
    <Image Include="..\Assets\Textures\additionalSwim.png">
      <Filter>Resource Files\Textures</Filter>
    </Image>
    <Image Include="..\Assets\Textures\arrows.jpg">
      <Filter>Resource Files\Textures</Filter>
    </Image>
    <Image Include="..\Assets\Textures\brick.jpg">
      <Filter>Resource Files\Textures</Filter>
    </Image>
    <Image Include="..\Assets\Textures\bullet.png">
      <Filter>Resource Files\Textures</Filter>
    </Image>
    <Image Include="..\Assets\Textures\bullet_destroy.png">
      <Filter>Resource Files\Textures</Filter>
    </Image>
    <Image Include="..\Assets\Textures\bulletS.png">
      <Filter>Resource Files\Textures</Filter>
    </Image>
    <Image Include="..\Assets\Textures\cursor.png">
      <Filter>Resource Files\Textures</Filter>
    </Image>
    <Image Include="..\Assets\Textures\eagle.jpg">
      <Filter>Resource Files\Textures</Filter>
    </Image>
    <Image Include="..\Assets\Textures\eagle_dead.png">
      <Filter>Resource Files\Textures</Filter>
    </Image>
    <Image Include="..\Assets\Textures\enemy_fast.png">
      <Filter>Resource Files\Textures</Filter>
    </Image>
    <Image Include="..\Assets\Textures\enemy_heavy.png">
      <Filter>Resource Files\Textures</Filter>
    </Image>
    <Image Include="..\Assets\Textures\enemy_normal.png">
      <Filter>Resource Files\Textures</Filter>
    </Image>
    <Image Include="..\Assets\Textures\enemy_random.png">
      <Filter>Resource Files\Textures</Filter>
    </Image>
    <Image Include="..\Assets\Textures\flaga.png">
      <Filter>Resource Files\Textures</Filter>
    </Image>
    <Image Include="..\Assets\Textures\granade.png">
      <Filter>Resource Files\Textures</Filter>
    </Image>
    <Image Include="..\Assets\Textures\grass.png">
      <Filter>Resource Files\Textures</Filter>
    </Image>
    <Image Include="..\Assets\Textures\ice.jpg">
      <Filter>Resource Files\Textures</Filter>
    </Image>
    <Image Include="..\Assets\Textures\life.png">
      <Filter>Resource Files\Textures</Filter>
    </Image>
    <Image Include="..\Assets\Textures\logo.png">
      <Filter>Resource Files\Textures</Filter>
    </Image>
    <Image Include="..\Assets\Textures\mapTextures.png">
      <Filter>Resource Files\Textures</Filter>
    </Image>
    <Image Include="..\Assets\Textures\pistol.png">
      <Filter>Resource Files\Textures</Filter>
    </Image>
    <Image Include="..\Assets\Textures\player-1-1.png">
      <Filter>Resource Files\Textures</Filter>
    </Image>
    <Image Include="..\Assets\Textures\player-1-2.png">
      <Filter>Resource Files\Textures</Filter>
    </Image>
    <Image Include="..\Assets\Textures\player-2-1.png">
      <Filter>Resource Files\Textures</Filter>
    </Image>
    <Image Include="..\Assets\Textures\player-2-2.png">
      <Filter>Resource Files\Textures</Filter>
    </Image>
    <Image Include="..\Assets\Textures\PTS.jpg">
      <Filter>Resource Files\Textures</Filter>
    </Image>
    <Image Include="..\Assets\Textures\shield.png">
      <Filter>Resource Files\Textures</Filter>
    </Image>
    <Image Include="..\Assets\Textures\spawn.png">
      <Filter>Resource Files\Textures</Filter>
    </Image>
    <Image Include="..\Assets\Textures\speed.png">
      <Filter>Resource Files\Textures</Filter>
    </Image>
    <Image Include="..\Assets\Textures\steel.jpg">
      <Filter>Resource Files\Textures</Filter>
    </Image>
    <Image Include="..\Assets\Textures\swim.png">
      <Filter>Resource Files\Textures</Filter>
    </Image>
    <Image Include="..\Assets\Textures\tank_destroy.png">
      <Filter>Resource Files\Textures</Filter>
    </Image>
    <Image Include="..\Assets\Textures\tank_icon.png">
      <Filter>Resource Files\Textures</Filter>
    </Image>
    <Image Include="..\Assets\Textures\tank_menu.png">
      <Filter>Resource Files\Textures</Filter>
    </Image>
    <Image Include="..\Assets\Textures\tanks_loadscreen.jpg">
      <Filter>Resource Files\Textures</Filter>
    </Image>
    <Image Include="..\Assets\Textures\water.png">
      <Filter>Resource Files\Textures</Filter>
    </Image>
  </ItemGroup>
  <ItemGroup>
    <Font Include="..\Assets\Fonts\DisposableDroidBB_bld.otf">
      <Filter>Resource Files</Filter>
    </Font>
  </ItemGroup>
</Project>